// !$*UTF8*$!
{
	archiveVersion = 1;
	classes = {
	};
	objectVersion = 56;
	objects = {

/* Begin PBXBuildFile section */
		A89CD4472A48F418002ED959 /* Alamofire in Frameworks */ = {isa = PBXBuildFile; productRef = A89CD4462A48F418002ED959 /* Alamofire */; };
		A89CD44E2A48F62B002ED959 /* NewsService.swift in Sources */ = {isa = PBXBuildFile; fileRef = A89CD44D2A48F62B002ED959 /* NewsService.swift */; };
		A89CD4512A48FB61002ED959 /* NewsViewModel.swift in Sources */ = {isa = PBXBuildFile; fileRef = A89CD4502A48FB61002ED959 /* NewsViewModel.swift */; };
		A89CD4542A49076F002ED959 /* News.swift in Sources */ = {isa = PBXBuildFile; fileRef = A89CD4532A49076F002ED959 /* News.swift */; };
		A8C8243A2A49137E00235A13 /* SnapKit in Frameworks */ = {isa = PBXBuildFile; productRef = A8C824392A49137E00235A13 /* SnapKit */; };
		A8C8243D2A49813D00235A13 /* NewsListTableViewCell.swift in Sources */ = {isa = PBXBuildFile; fileRef = A8C8243C2A49813D00235A13 /* NewsListTableViewCell.swift */; };
		A8C824402A49992100235A13 /* NewsDetailViewController.swift in Sources */ = {isa = PBXBuildFile; fileRef = A8C8243F2A49992100235A13 /* NewsDetailViewController.swift */; };
		A8C824422A499DE800235A13 /* NewsDetailViewModel.swift in Sources */ = {isa = PBXBuildFile; fileRef = A8C824412A499DE800235A13 /* NewsDetailViewModel.swift */; };
		A8C824442A4A571900235A13 /* DummyNewsViewModel.swift in Sources */ = {isa = PBXBuildFile; fileRef = A8C824432A4A571900235A13 /* DummyNewsViewModel.swift */; };
		A8C824472A4AFA0F00235A13 /* SDWebImage in Frameworks */ = {isa = PBXBuildFile; productRef = A8C824462A4AFA0F00235A13 /* SDWebImage */; };
		A8C8244F2A4B786A00235A13 /* CityExperienceIOSTestTests.swift in Sources */ = {isa = PBXBuildFile; fileRef = A8C8244E2A4B786A00235A13 /* CityExperienceIOSTestTests.swift */; };
		A8C824552A4B788A00235A13 /* NewsDetailViewController.swift in Sources */ = {isa = PBXBuildFile; fileRef = A8C8243F2A49992100235A13 /* NewsDetailViewController.swift */; };
		A8C824562A4B788A00235A13 /* NewsListViewController.swift in Sources */ = {isa = PBXBuildFile; fileRef = A8F95B322A479D81000A8417 /* NewsListViewController.swift */; };
		A8C824572A4B788A00235A13 /* NewsListTableViewCell.swift in Sources */ = {isa = PBXBuildFile; fileRef = A8C8243C2A49813D00235A13 /* NewsListTableViewCell.swift */; };
		A8C824582A4B788A00235A13 /* News.swift in Sources */ = {isa = PBXBuildFile; fileRef = A89CD4532A49076F002ED959 /* News.swift */; };
		A8C824592A4B788A00235A13 /* DummyNewsViewModel.swift in Sources */ = {isa = PBXBuildFile; fileRef = A8C824432A4A571900235A13 /* DummyNewsViewModel.swift */; };
		A8C8245A2A4B788B00235A13 /* NewsViewModel.swift in Sources */ = {isa = PBXBuildFile; fileRef = A89CD4502A48FB61002ED959 /* NewsViewModel.swift */; };
		A8C8245B2A4B788B00235A13 /* NewsDetailViewModel.swift in Sources */ = {isa = PBXBuildFile; fileRef = A8C824412A499DE800235A13 /* NewsDetailViewModel.swift */; };
		A8C8245C2A4B788B00235A13 /* NewsService.swift in Sources */ = {isa = PBXBuildFile; fileRef = A89CD44D2A48F62B002ED959 /* NewsService.swift */; };
		A8C8245F2A4B79CB00235A13 /* Alamofire in Frameworks */ = {isa = PBXBuildFile; productRef = A8C8245E2A4B79CB00235A13 /* Alamofire */; };
		A8C824612A4B79CB00235A13 /* SnapKit in Frameworks */ = {isa = PBXBuildFile; productRef = A8C824602A4B79CB00235A13 /* SnapKit */; };
		A8C824632A4B79CB00235A13 /* SDWebImage in Frameworks */ = {isa = PBXBuildFile; productRef = A8C824622A4B79CB00235A13 /* SDWebImage */; };
		A8F95B2F2A479D81000A8417 /* AppDelegate.swift in Sources */ = {isa = PBXBuildFile; fileRef = A8F95B2E2A479D81000A8417 /* AppDelegate.swift */; };
		A8F95B312A479D81000A8417 /* SceneDelegate.swift in Sources */ = {isa = PBXBuildFile; fileRef = A8F95B302A479D81000A8417 /* SceneDelegate.swift */; };
		A8F95B332A479D81000A8417 /* NewsListViewController.swift in Sources */ = {isa = PBXBuildFile; fileRef = A8F95B322A479D81000A8417 /* NewsListViewController.swift */; };
		A8F95B362A479D81000A8417 /* Main.storyboard in Resources */ = {isa = PBXBuildFile; fileRef = A8F95B342A479D81000A8417 /* Main.storyboard */; };
		A8F95B382A479D82000A8417 /* Assets.xcassets in Resources */ = {isa = PBXBuildFile; fileRef = A8F95B372A479D82000A8417 /* Assets.xcassets */; };
		A8F95B3B2A479D82000A8417 /* LaunchScreen.storyboard in Resources */ = {isa = PBXBuildFile; fileRef = A8F95B392A479D82000A8417 /* LaunchScreen.storyboard */; };
/* End PBXBuildFile section */

/* Begin PBXContainerItemProxy section */
		A8C824502A4B786A00235A13 /* PBXContainerItemProxy */ = {
			isa = PBXContainerItemProxy;
			containerPortal = A8F95B232A479D81000A8417 /* Project object */;
			proxyType = 1;
			remoteGlobalIDString = A8F95B2A2A479D81000A8417;
			remoteInfo = CityExperienceIOSTest;
		};
/* End PBXContainerItemProxy section */

/* Begin PBXFileReference section */
		A89CD44D2A48F62B002ED959 /* NewsService.swift */ = {isa = PBXFileReference; lastKnownFileType = sourcecode.swift; path = NewsService.swift; sourceTree = "<group>"; };
		A89CD4502A48FB61002ED959 /* NewsViewModel.swift */ = {isa = PBXFileReference; lastKnownFileType = sourcecode.swift; path = NewsViewModel.swift; sourceTree = "<group>"; };
		A89CD4532A49076F002ED959 /* News.swift */ = {isa = PBXFileReference; lastKnownFileType = sourcecode.swift; path = News.swift; sourceTree = "<group>"; };
		A8C8243C2A49813D00235A13 /* NewsListTableViewCell.swift */ = {isa = PBXFileReference; lastKnownFileType = sourcecode.swift; path = NewsListTableViewCell.swift; sourceTree = "<group>"; };
		A8C8243F2A49992100235A13 /* NewsDetailViewController.swift */ = {isa = PBXFileReference; lastKnownFileType = sourcecode.swift; path = NewsDetailViewController.swift; sourceTree = "<group>"; };
		A8C824412A499DE800235A13 /* NewsDetailViewModel.swift */ = {isa = PBXFileReference; lastKnownFileType = sourcecode.swift; path = NewsDetailViewModel.swift; sourceTree = "<group>"; };
		A8C824432A4A571900235A13 /* DummyNewsViewModel.swift */ = {isa = PBXFileReference; lastKnownFileType = sourcecode.swift; path = DummyNewsViewModel.swift; sourceTree = "<group>"; };
		A8C8244C2A4B786A00235A13 /* CityExperienceIOSTestTests.xctest */ = {isa = PBXFileReference; explicitFileType = wrapper.cfbundle; includeInIndex = 0; path = CityExperienceIOSTestTests.xctest; sourceTree = BUILT_PRODUCTS_DIR; };
		A8C8244E2A4B786A00235A13 /* CityExperienceIOSTestTests.swift */ = {isa = PBXFileReference; lastKnownFileType = sourcecode.swift; path = CityExperienceIOSTestTests.swift; sourceTree = "<group>"; };
		A8F95B2B2A479D81000A8417 /* CityExperienceIOSTest.app */ = {isa = PBXFileReference; explicitFileType = wrapper.application; includeInIndex = 0; path = CityExperienceIOSTest.app; sourceTree = BUILT_PRODUCTS_DIR; };
		A8F95B2E2A479D81000A8417 /* AppDelegate.swift */ = {isa = PBXFileReference; lastKnownFileType = sourcecode.swift; path = AppDelegate.swift; sourceTree = "<group>"; };
		A8F95B302A479D81000A8417 /* SceneDelegate.swift */ = {isa = PBXFileReference; lastKnownFileType = sourcecode.swift; path = SceneDelegate.swift; sourceTree = "<group>"; };
		A8F95B322A479D81000A8417 /* NewsListViewController.swift */ = {isa = PBXFileReference; lastKnownFileType = sourcecode.swift; path = NewsListViewController.swift; sourceTree = "<group>"; };
		A8F95B352A479D81000A8417 /* Base */ = {isa = PBXFileReference; lastKnownFileType = file.storyboard; name = Base; path = Base.lproj/Main.storyboard; sourceTree = "<group>"; };
		A8F95B372A479D82000A8417 /* Assets.xcassets */ = {isa = PBXFileReference; lastKnownFileType = folder.assetcatalog; path = Assets.xcassets; sourceTree = "<group>"; };
		A8F95B3A2A479D82000A8417 /* Base */ = {isa = PBXFileReference; lastKnownFileType = file.storyboard; name = Base; path = Base.lproj/LaunchScreen.storyboard; sourceTree = "<group>"; };
		A8F95B3C2A479D82000A8417 /* Info.plist */ = {isa = PBXFileReference; lastKnownFileType = text.plist.xml; path = Info.plist; sourceTree = "<group>"; };
/* End PBXFileReference section */

/* Begin PBXFrameworksBuildPhase section */
		A8C824492A4B786A00235A13 /* Frameworks */ = {
			isa = PBXFrameworksBuildPhase;
			buildActionMask = 2147483647;
			files = (
				A8C824632A4B79CB00235A13 /* SDWebImage in Frameworks */,
				A8C8245F2A4B79CB00235A13 /* Alamofire in Frameworks */,
				A8C824612A4B79CB00235A13 /* SnapKit in Frameworks */,
			);
			runOnlyForDeploymentPostprocessing = 0;
		};
		A8F95B282A479D81000A8417 /* Frameworks */ = {
			isa = PBXFrameworksBuildPhase;
			buildActionMask = 2147483647;
			files = (
				A8C824472A4AFA0F00235A13 /* SDWebImage in Frameworks */,
				A89CD4472A48F418002ED959 /* Alamofire in Frameworks */,
				A8C8243A2A49137E00235A13 /* SnapKit in Frameworks */,
			);
			runOnlyForDeploymentPostprocessing = 0;
		};
/* End PBXFrameworksBuildPhase section */

/* Begin PBXGroup section */
		A89CD4482A48F517002ED959 /* API */ = {
			isa = PBXGroup;
			children = (
				A89CD44D2A48F62B002ED959 /* NewsService.swift */,
			);
			path = API;
			sourceTree = "<group>";
		};
		A89CD44F2A48FB4E002ED959 /* ViewModel */ = {
			isa = PBXGroup;
			children = (
				A8C824432A4A571900235A13 /* DummyNewsViewModel.swift */,
				A89CD4502A48FB61002ED959 /* NewsViewModel.swift */,
				A8C824412A499DE800235A13 /* NewsDetailViewModel.swift */,
			);
			path = ViewModel;
			sourceTree = "<group>";
		};
		A89CD4522A490765002ED959 /* Model */ = {
			isa = PBXGroup;
			children = (
				A89CD4532A49076F002ED959 /* News.swift */,
			);
			path = Model;
			sourceTree = "<group>";
		};
		A8C8243B2A49812700235A13 /* View */ = {
			isa = PBXGroup;
			children = (
				A8C8243C2A49813D00235A13 /* NewsListTableViewCell.swift */,
			);
			path = View;
			sourceTree = "<group>";
		};
		A8C8243E2A49990D00235A13 /* ViewController */ = {
			isa = PBXGroup;
			children = (
				A8C8243F2A49992100235A13 /* NewsDetailViewController.swift */,
				A8F95B322A479D81000A8417 /* NewsListViewController.swift */,
			);
			path = ViewController;
			sourceTree = "<group>";
		};
		A8C8244D2A4B786A00235A13 /* CityExperienceIOSTestTests */ = {
			isa = PBXGroup;
			children = (
				A8C8244E2A4B786A00235A13 /* CityExperienceIOSTestTests.swift */,
			);
			path = CityExperienceIOSTestTests;
			sourceTree = "<group>";
		};
		A8C8245D2A4B79CB00235A13 /* Frameworks */ = {
			isa = PBXGroup;
			children = (
			);
			name = Frameworks;
			sourceTree = "<group>";
		};
		A8F95B222A479D81000A8417 = {
			isa = PBXGroup;
			children = (
				A8F95B2D2A479D81000A8417 /* CityExperienceIOSTest */,
				A8C8244D2A4B786A00235A13 /* CityExperienceIOSTestTests */,
				A8F95B2C2A479D81000A8417 /* Products */,
				A8C8245D2A4B79CB00235A13 /* Frameworks */,
			);
			sourceTree = "<group>";
		};
		A8F95B2C2A479D81000A8417 /* Products */ = {
			isa = PBXGroup;
			children = (
				A8F95B2B2A479D81000A8417 /* CityExperienceIOSTest.app */,
				A8C8244C2A4B786A00235A13 /* CityExperienceIOSTestTests.xctest */,
			);
			name = Products;
			sourceTree = "<group>";
		};
		A8F95B2D2A479D81000A8417 /* CityExperienceIOSTest */ = {
			isa = PBXGroup;
			children = (
				A8C8243E2A49990D00235A13 /* ViewController */,
				A8C8243B2A49812700235A13 /* View */,
				A89CD4522A490765002ED959 /* Model */,
				A89CD44F2A48FB4E002ED959 /* ViewModel */,
				A89CD4482A48F517002ED959 /* API */,
				A8F95B2E2A479D81000A8417 /* AppDelegate.swift */,
				A8F95B302A479D81000A8417 /* SceneDelegate.swift */,
				A8F95B342A479D81000A8417 /* Main.storyboard */,
				A8F95B372A479D82000A8417 /* Assets.xcassets */,
				A8F95B392A479D82000A8417 /* LaunchScreen.storyboard */,
				A8F95B3C2A479D82000A8417 /* Info.plist */,
			);
			path = CityExperienceIOSTest;
			sourceTree = "<group>";
		};
/* End PBXGroup section */

/* Begin PBXNativeTarget section */
		A8C8244B2A4B786A00235A13 /* CityExperienceIOSTestTests */ = {
			isa = PBXNativeTarget;
			buildConfigurationList = A8C824522A4B786A00235A13 /* Build configuration list for PBXNativeTarget "CityExperienceIOSTestTests" */;
			buildPhases = (
				A8C824482A4B786A00235A13 /* Sources */,
				A8C824492A4B786A00235A13 /* Frameworks */,
				A8C8244A2A4B786A00235A13 /* Resources */,
			);
			buildRules = (
			);
			dependencies = (
				A8C824512A4B786A00235A13 /* PBXTargetDependency */,
			);
			name = CityExperienceIOSTestTests;
			packageProductDependencies = (
				A8C8245E2A4B79CB00235A13 /* Alamofire */,
				A8C824602A4B79CB00235A13 /* SnapKit */,
				A8C824622A4B79CB00235A13 /* SDWebImage */,
			);
			productName = CityExperienceIOSTestTests;
			productReference = A8C8244C2A4B786A00235A13 /* CityExperienceIOSTestTests.xctest */;
			productType = "com.apple.product-type.bundle.unit-test";
		};
		A8F95B2A2A479D81000A8417 /* CityExperienceIOSTest */ = {
			isa = PBXNativeTarget;
			buildConfigurationList = A8F95B3F2A479D82000A8417 /* Build configuration list for PBXNativeTarget "CityExperienceIOSTest" */;
			buildPhases = (
				A8F95B272A479D81000A8417 /* Sources */,
				A8F95B282A479D81000A8417 /* Frameworks */,
				A8F95B292A479D81000A8417 /* Resources */,
			);
			buildRules = (
			);
			dependencies = (
			);
			name = CityExperienceIOSTest;
			packageProductDependencies = (
				A89CD4462A48F418002ED959 /* Alamofire */,
				A8C824392A49137E00235A13 /* SnapKit */,
				A8C824462A4AFA0F00235A13 /* SDWebImage */,
			);
			productName = CityExperienceIOSTest;
			productReference = A8F95B2B2A479D81000A8417 /* CityExperienceIOSTest.app */;
			productType = "com.apple.product-type.application";
		};
/* End PBXNativeTarget section */

/* Begin PBXProject section */
		A8F95B232A479D81000A8417 /* Project object */ = {
			isa = PBXProject;
			attributes = {
				BuildIndependentTargetsInParallel = 1;
				LastSwiftUpdateCheck = 1420;
				LastUpgradeCheck = 1420;
				TargetAttributes = {
					A8C8244B2A4B786A00235A13 = {
						CreatedOnToolsVersion = 14.2;
						TestTargetID = A8F95B2A2A479D81000A8417;
					};
					A8F95B2A2A479D81000A8417 = {
						CreatedOnToolsVersion = 14.2;
					};
				};
			};
			buildConfigurationList = A8F95B262A479D81000A8417 /* Build configuration list for PBXProject "CityExperienceIOSTest" */;
			compatibilityVersion = "Xcode 14.0";
			developmentRegion = en;
			hasScannedForEncodings = 0;
			knownRegions = (
				en,
				Base,
			);
			mainGroup = A8F95B222A479D81000A8417;
			packageReferences = (
				A89CD4452A48F418002ED959 /* XCRemoteSwiftPackageReference "Alamofire" */,
				A8C824382A49137E00235A13 /* XCRemoteSwiftPackageReference "SnapKit" */,
				A8C824452A4AFA0F00235A13 /* XCRemoteSwiftPackageReference "SDWebImage" */,
			);
			productRefGroup = A8F95B2C2A479D81000A8417 /* Products */;
			projectDirPath = "";
			projectRoot = "";
			targets = (
				A8F95B2A2A479D81000A8417 /* CityExperienceIOSTest */,
				A8C8244B2A4B786A00235A13 /* CityExperienceIOSTestTests */,
			);
		};
/* End PBXProject section */

/* Begin PBXResourcesBuildPhase section */
		A8C8244A2A4B786A00235A13 /* Resources */ = {
			isa = PBXResourcesBuildPhase;
			buildActionMask = 2147483647;
			files = (
			);
			runOnlyForDeploymentPostprocessing = 0;
		};
		A8F95B292A479D81000A8417 /* Resources */ = {
			isa = PBXResourcesBuildPhase;
			buildActionMask = 2147483647;
			files = (
				A8F95B3B2A479D82000A8417 /* LaunchScreen.storyboard in Resources */,
				A8F95B382A479D82000A8417 /* Assets.xcassets in Resources */,
				A8F95B362A479D81000A8417 /* Main.storyboard in Resources */,
			);
			runOnlyForDeploymentPostprocessing = 0;
		};
/* End PBXResourcesBuildPhase section */

/* Begin PBXSourcesBuildPhase section */
		A8C824482A4B786A00235A13 /* Sources */ = {
			isa = PBXSourcesBuildPhase;
			buildActionMask = 2147483647;
			files = (
				A8C824552A4B788A00235A13 /* NewsDetailViewController.swift in Sources */,
				A8C824562A4B788A00235A13 /* NewsListViewController.swift in Sources */,
				A8C824572A4B788A00235A13 /* NewsListTableViewCell.swift in Sources */,
				A8C824582A4B788A00235A13 /* News.swift in Sources */,
				A8C824592A4B788A00235A13 /* DummyNewsViewModel.swift in Sources */,
				A8C8245A2A4B788B00235A13 /* NewsViewModel.swift in Sources */,
				A8C8245B2A4B788B00235A13 /* NewsDetailViewModel.swift in Sources */,
				A8C8245C2A4B788B00235A13 /* NewsService.swift in Sources */,
				A8C8244F2A4B786A00235A13 /* CityExperienceIOSTestTests.swift in Sources */,
			);
			runOnlyForDeploymentPostprocessing = 0;
		};
		A8F95B272A479D81000A8417 /* Sources */ = {
			isa = PBXSourcesBuildPhase;
			buildActionMask = 2147483647;
			files = (
				A8C824402A49992100235A13 /* NewsDetailViewController.swift in Sources */,
				A89CD4542A49076F002ED959 /* News.swift in Sources */,
				A8F95B332A479D81000A8417 /* NewsListViewController.swift in Sources */,
				A8C824422A499DE800235A13 /* NewsDetailViewModel.swift in Sources */,
				A89CD44E2A48F62B002ED959 /* NewsService.swift in Sources */,
				A89CD4512A48FB61002ED959 /* NewsViewModel.swift in Sources */,
				A8F95B2F2A479D81000A8417 /* AppDelegate.swift in Sources */,
				A8C8243D2A49813D00235A13 /* NewsListTableViewCell.swift in Sources */,
				A8C824442A4A571900235A13 /* DummyNewsViewModel.swift in Sources */,
				A8F95B312A479D81000A8417 /* SceneDelegate.swift in Sources */,
			);
			runOnlyForDeploymentPostprocessing = 0;
		};
/* End PBXSourcesBuildPhase section */

/* Begin PBXTargetDependency section */
		A8C824512A4B786A00235A13 /* PBXTargetDependency */ = {
			isa = PBXTargetDependency;
			target = A8F95B2A2A479D81000A8417 /* CityExperienceIOSTest */;
			targetProxy = A8C824502A4B786A00235A13 /* PBXContainerItemProxy */;
		};
/* End PBXTargetDependency section */

/* Begin PBXVariantGroup section */
		A8F95B342A479D81000A8417 /* Main.storyboard */ = {
			isa = PBXVariantGroup;
			children = (
				A8F95B352A479D81000A8417 /* Base */,
			);
			name = Main.storyboard;
			sourceTree = "<group>";
		};
		A8F95B392A479D82000A8417 /* LaunchScreen.storyboard */ = {
			isa = PBXVariantGroup;
			children = (
				A8F95B3A2A479D82000A8417 /* Base */,
			);
			name = LaunchScreen.storyboard;
			sourceTree = "<group>";
		};
/* End PBXVariantGroup section */

/* Begin XCBuildConfiguration section */
		A8C824532A4B786A00235A13 /* Debug */ = {
			isa = XCBuildConfiguration;
			buildSettings = {
				BUNDLE_LOADER = "$(TEST_HOST)";
				CODE_SIGN_STYLE = Automatic;
				CURRENT_PROJECT_VERSION = 1;
				GENERATE_INFOPLIST_FILE = YES;
				MARKETING_VERSION = 1.0;
				PRODUCT_BUNDLE_IDENTIFIER = tests.CityExperienceIOSTestTests;
				PRODUCT_NAME = "$(TARGET_NAME)";
				SWIFT_EMIT_LOC_STRINGS = NO;
				SWIFT_VERSION = 5.0;
				TARGETED_DEVICE_FAMILY = "1,2";
				TEST_HOST = "$(BUILT_PRODUCTS_DIR)/CityExperienceIOSTest.app/$(BUNDLE_EXECUTABLE_FOLDER_PATH)/CityExperienceIOSTest";
			};
			name = Debug;
		};
		A8C824542A4B786A00235A13 /* Release */ = {
			isa = XCBuildConfiguration;
			buildSettings = {
				BUNDLE_LOADER = "$(TEST_HOST)";
				CODE_SIGN_STYLE = Automatic;
				CURRENT_PROJECT_VERSION = 1;
				GENERATE_INFOPLIST_FILE = YES;
				MARKETING_VERSION = 1.0;
				PRODUCT_BUNDLE_IDENTIFIER = tests.CityExperienceIOSTestTests;
				PRODUCT_NAME = "$(TARGET_NAME)";
				SWIFT_EMIT_LOC_STRINGS = NO;
				SWIFT_VERSION = 5.0;
				TARGETED_DEVICE_FAMILY = "1,2";
				TEST_HOST = "$(BUILT_PRODUCTS_DIR)/CityExperienceIOSTest.app/$(BUNDLE_EXECUTABLE_FOLDER_PATH)/CityExperienceIOSTest";
			};
			name = Release;
		};
		A8F95B3D2A479D82000A8417 /* Debug */ = {
			isa = XCBuildConfiguration;
			buildSettings = {
				ALWAYS_SEARCH_USER_PATHS = NO;
				CLANG_ANALYZER_NONNULL = YES;
				CLANG_ANALYZER_NUMBER_OBJECT_CONVERSION = YES_AGGRESSIVE;
				CLANG_CXX_LANGUAGE_STANDARD = "gnu++20";
				CLANG_ENABLE_MODULES = YES;
				CLANG_ENABLE_OBJC_ARC = YES;
				CLANG_ENABLE_OBJC_WEAK = YES;
				CLANG_WARN_BLOCK_CAPTURE_AUTORELEASING = YES;
				CLANG_WARN_BOOL_CONVERSION = YES;
				CLANG_WARN_COMMA = YES;
				CLANG_WARN_CONSTANT_CONVERSION = YES;
				CLANG_WARN_DEPRECATED_OBJC_IMPLEMENTATIONS = YES;
				CLANG_WARN_DIRECT_OBJC_ISA_USAGE = YES_ERROR;
				CLANG_WARN_DOCUMENTATION_COMMENTS = YES;
				CLANG_WARN_EMPTY_BODY = YES;
				CLANG_WARN_ENUM_CONVERSION = YES;
				CLANG_WARN_INFINITE_RECURSION = YES;
				CLANG_WARN_INT_CONVERSION = YES;
				CLANG_WARN_NON_LITERAL_NULL_CONVERSION = YES;
				CLANG_WARN_OBJC_IMPLICIT_RETAIN_SELF = YES;
				CLANG_WARN_OBJC_LITERAL_CONVERSION = YES;
				CLANG_WARN_OBJC_ROOT_CLASS = YES_ERROR;
				CLANG_WARN_QUOTED_INCLUDE_IN_FRAMEWORK_HEADER = YES;
				CLANG_WARN_RANGE_LOOP_ANALYSIS = YES;
				CLANG_WARN_STRICT_PROTOTYPES = YES;
				CLANG_WARN_SUSPICIOUS_MOVE = YES;
				CLANG_WARN_UNGUARDED_AVAILABILITY = YES_AGGRESSIVE;
				CLANG_WARN_UNREACHABLE_CODE = YES;
				CLANG_WARN__DUPLICATE_METHOD_MATCH = YES;
				COPY_PHASE_STRIP = NO;
				DEBUG_INFORMATION_FORMAT = dwarf;
				ENABLE_STRICT_OBJC_MSGSEND = YES;
				ENABLE_TESTABILITY = YES;
				GCC_C_LANGUAGE_STANDARD = gnu11;
				GCC_DYNAMIC_NO_PIC = NO;
				GCC_NO_COMMON_BLOCKS = YES;
				GCC_OPTIMIZATION_LEVEL = 0;
				GCC_PREPROCESSOR_DEFINITIONS = (
					"DEBUG=1",
					"$(inherited)",
				);
				GCC_WARN_64_TO_32_BIT_CONVERSION = YES;
				GCC_WARN_ABOUT_RETURN_TYPE = YES_ERROR;
				GCC_WARN_UNDECLARED_SELECTOR = YES;
				GCC_WARN_UNINITIALIZED_AUTOS = YES_AGGRESSIVE;
				GCC_WARN_UNUSED_FUNCTION = YES;
				GCC_WARN_UNUSED_VARIABLE = YES;
				IPHONEOS_DEPLOYMENT_TARGET = 16.2;
				MTL_ENABLE_DEBUG_INFO = INCLUDE_SOURCE;
				MTL_FAST_MATH = YES;
				ONLY_ACTIVE_ARCH = YES;
				SDKROOT = iphoneos;
				SWIFT_ACTIVE_COMPILATION_CONDITIONS = DEBUG;
				SWIFT_OPTIMIZATION_LEVEL = "-Onone";
			};
			name = Debug;
		};
		A8F95B3E2A479D82000A8417 /* Release */ = {
			isa = XCBuildConfiguration;
			buildSettings = {
				ALWAYS_SEARCH_USER_PATHS = NO;
				CLANG_ANALYZER_NONNULL = YES;
				CLANG_ANALYZER_NUMBER_OBJECT_CONVERSION = YES_AGGRESSIVE;
				CLANG_CXX_LANGUAGE_STANDARD = "gnu++20";
				CLANG_ENABLE_MODULES = YES;
				CLANG_ENABLE_OBJC_ARC = YES;
				CLANG_ENABLE_OBJC_WEAK = YES;
				CLANG_WARN_BLOCK_CAPTURE_AUTORELEASING = YES;
				CLANG_WARN_BOOL_CONVERSION = YES;
				CLANG_WARN_COMMA = YES;
				CLANG_WARN_CONSTANT_CONVERSION = YES;
				CLANG_WARN_DEPRECATED_OBJC_IMPLEMENTATIONS = YES;
				CLANG_WARN_DIRECT_OBJC_ISA_USAGE = YES_ERROR;
				CLANG_WARN_DOCUMENTATION_COMMENTS = YES;
				CLANG_WARN_EMPTY_BODY = YES;
				CLANG_WARN_ENUM_CONVERSION = YES;
				CLANG_WARN_INFINITE_RECURSION = YES;
				CLANG_WARN_INT_CONVERSION = YES;
				CLANG_WARN_NON_LITERAL_NULL_CONVERSION = YES;
				CLANG_WARN_OBJC_IMPLICIT_RETAIN_SELF = YES;
				CLANG_WARN_OBJC_LITERAL_CONVERSION = YES;
				CLANG_WARN_OBJC_ROOT_CLASS = YES_ERROR;
				CLANG_WARN_QUOTED_INCLUDE_IN_FRAMEWORK_HEADER = YES;
				CLANG_WARN_RANGE_LOOP_ANALYSIS = YES;
				CLANG_WARN_STRICT_PROTOTYPES = YES;
				CLANG_WARN_SUSPICIOUS_MOVE = YES;
				CLANG_WARN_UNGUARDED_AVAILABILITY = YES_AGGRESSIVE;
				CLANG_WARN_UNREACHABLE_CODE = YES;
				CLANG_WARN__DUPLICATE_METHOD_MATCH = YES;
				COPY_PHASE_STRIP = NO;
				DEBUG_INFORMATION_FORMAT = "dwarf-with-dsym";
				ENABLE_NS_ASSERTIONS = NO;
				ENABLE_STRICT_OBJC_MSGSEND = YES;
				GCC_C_LANGUAGE_STANDARD = gnu11;
				GCC_NO_COMMON_BLOCKS = YES;
				GCC_WARN_64_TO_32_BIT_CONVERSION = YES;
				GCC_WARN_ABOUT_RETURN_TYPE = YES_ERROR;
				GCC_WARN_UNDECLARED_SELECTOR = YES;
				GCC_WARN_UNINITIALIZED_AUTOS = YES_AGGRESSIVE;
				GCC_WARN_UNUSED_FUNCTION = YES;
				GCC_WARN_UNUSED_VARIABLE = YES;
				IPHONEOS_DEPLOYMENT_TARGET = 16.2;
				MTL_ENABLE_DEBUG_INFO = NO;
				MTL_FAST_MATH = YES;
				SDKROOT = iphoneos;
				SWIFT_COMPILATION_MODE = wholemodule;
				SWIFT_OPTIMIZATION_LEVEL = "-O";
				VALIDATE_PRODUCT = YES;
			};
			name = Release;
		};
		A8F95B402A479D82000A8417 /* Debug */ = {
			isa = XCBuildConfiguration;
			buildSettings = {
				ASSETCATALOG_COMPILER_APPICON_NAME = AppIcon;
				ASSETCATALOG_COMPILER_GLOBAL_ACCENT_COLOR_NAME = AccentColor;
				CODE_SIGN_STYLE = Automatic;
				CURRENT_PROJECT_VERSION = 1;
				GENERATE_INFOPLIST_FILE = YES;
				INFOPLIST_FILE = CityExperienceIOSTest/Info.plist;
				INFOPLIST_KEY_UIApplicationSupportsIndirectInputEvents = YES;
				INFOPLIST_KEY_UILaunchStoryboardName = LaunchScreen;
				INFOPLIST_KEY_UIMainStoryboardFile = Main;
				INFOPLIST_KEY_UISupportedInterfaceOrientations_iPad = "UIInterfaceOrientationPortrait UIInterfaceOrientationPortraitUpsideDown UIInterfaceOrientationLandscapeLeft UIInterfaceOrientationLandscapeRight";
				INFOPLIST_KEY_UISupportedInterfaceOrientations_iPhone = "UIInterfaceOrientationPortrait UIInterfaceOrientationLandscapeLeft UIInterfaceOrientationLandscapeRight";
				LD_RUNPATH_SEARCH_PATHS = (
					"$(inherited)",
					"@executable_path/Frameworks",
				);
				MARKETING_VERSION = 1.0;
				PRODUCT_BUNDLE_IDENTIFIER = tests.CityExperienceIOSTest;
				PRODUCT_NAME = "$(TARGET_NAME)";
				SWIFT_EMIT_LOC_STRINGS = YES;
				SWIFT_VERSION = 5.0;
				TARGETED_DEVICE_FAMILY = "1,2";
			};
			name = Debug;
		};
		A8F95B412A479D82000A8417 /* Release */ = {
			isa = XCBuildConfiguration;
			buildSettings = {
				ASSETCATALOG_COMPILER_APPICON_NAME = AppIcon;
				ASSETCATALOG_COMPILER_GLOBAL_ACCENT_COLOR_NAME = AccentColor;
				CODE_SIGN_STYLE = Automatic;
				CURRENT_PROJECT_VERSION = 1;
				GENERATE_INFOPLIST_FILE = YES;
				INFOPLIST_FILE = CityExperienceIOSTest/Info.plist;
				INFOPLIST_KEY_UIApplicationSupportsIndirectInputEvents = YES;
				INFOPLIST_KEY_UILaunchStoryboardName = LaunchScreen;
				INFOPLIST_KEY_UIMainStoryboardFile = Main;
				INFOPLIST_KEY_UISupportedInterfaceOrientations_iPad = "UIInterfaceOrientationPortrait UIInterfaceOrientationPortraitUpsideDown UIInterfaceOrientationLandscapeLeft UIInterfaceOrientationLandscapeRight";
				INFOPLIST_KEY_UISupportedInterfaceOrientations_iPhone = "UIInterfaceOrientationPortrait UIInterfaceOrientationLandscapeLeft UIInterfaceOrientationLandscapeRight";
				LD_RUNPATH_SEARCH_PATHS = (
					"$(inherited)",
					"@executable_path/Frameworks",
				);
				MARKETING_VERSION = 1.0;
				PRODUCT_BUNDLE_IDENTIFIER = tests.CityExperienceIOSTest;
				PRODUCT_NAME = "$(TARGET_NAME)";
				SWIFT_EMIT_LOC_STRINGS = YES;
				SWIFT_VERSION = 5.0;
				TARGETED_DEVICE_FAMILY = "1,2";
			};
			name = Release;
		};
/* End XCBuildConfiguration section */

/* Begin XCConfigurationList section */
		A8C824522A4B786A00235A13 /* Build configuration list for PBXNativeTarget "CityExperienceIOSTestTests" */ = {
			isa = XCConfigurationList;
			buildConfigurations = (
				A8C824532A4B786A00235A13 /* Debug */,
				A8C824542A4B786A00235A13 /* Release */,
			);
			defaultConfigurationIsVisible = 0;
			defaultConfigurationName = Release;
		};
		A8F95B262A479D81000A8417 /* Build configuration list for PBXProject "CityExperienceIOSTest" */ = {
			isa = XCConfigurationList;
			buildConfigurations = (
				A8F95B3D2A479D82000A8417 /* Debug */,
				A8F95B3E2A479D82000A8417 /* Release */,
			);
			defaultConfigurationIsVisible = 0;
			defaultConfigurationName = Release;
		};
		A8F95B3F2A479D82000A8417 /* Build configuration list for PBXNativeTarget "CityExperienceIOSTest" */ = {
			isa = XCConfigurationList;
			buildConfigurations = (
				A8F95B402A479D82000A8417 /* Debug */,
				A8F95B412A479D82000A8417 /* Release */,
			);
			defaultConfigurationIsVisible = 0;
			defaultConfigurationName = Release;
		};
/* End XCConfigurationList section */

/* Begin XCRemoteSwiftPackageReference section */
		A89CD4452A48F418002ED959 /* XCRemoteSwiftPackageReference "Alamofire" */ = {
			isa = XCRemoteSwiftPackageReference;
			repositoryURL = "https://github.com/Alamofire/Alamofire";
			requirement = {
				kind = upToNextMajorVersion;
				minimumVersion = 5.0.0;
			};
		};
		A8C824382A49137E00235A13 /* XCRemoteSwiftPackageReference "SnapKit" */ = {
			isa = XCRemoteSwiftPackageReference;
			repositoryURL = "https://github.com/SnapKit/SnapKit.git";
			requirement = {
				branch = develop;
				kind = branch;
			};
		};
		A8C824452A4AFA0F00235A13 /* XCRemoteSwiftPackageReference "SDWebImage" */ = {
			isa = XCRemoteSwiftPackageReference;
			repositoryURL = "https://github.com/SDWebImage/SDWebImage";
			requirement = {
				kind = upToNextMajorVersion;
				minimumVersion = 5.0.0;
			};
		};
/* End XCRemoteSwiftPackageReference section */

/* Begin XCSwiftPackageProductDependency section */
		A89CD4462A48F418002ED959 /* Alamofire */ = {
			isa = XCSwiftPackageProductDependency;
			package = A89CD4452A48F418002ED959 /* XCRemoteSwiftPackageReference "Alamofire" */;
			productName = Alamofire;
		};
		A8C824392A49137E00235A13 /* SnapKit */ = {
			isa = XCSwiftPackageProductDependency;
			package = A8C824382A49137E00235A13 /* XCRemoteSwiftPackageReference "SnapKit" */;
			productName = SnapKit;
		};
		A8C824462A4AFA0F00235A13 /* SDWebImage */ = {
			isa = XCSwiftPackageProductDependency;
			package = A8C824452A4AFA0F00235A13 /* XCRemoteSwiftPackageReference "SDWebImage" */;
			productName = SDWebImage;
		};
		A8C8245E2A4B79CB00235A13 /* Alamofire */ = {
			isa = XCSwiftPackageProductDependency;
			package = A89CD4452A48F418002ED959 /* XCRemoteSwiftPackageReference "Alamofire" */;
			productName = Alamofire;
		};
		A8C824602A4B79CB00235A13 /* SnapKit */ = {
			isa = XCSwiftPackageProductDependency;
			package = A8C824382A49137E00235A13 /* XCRemoteSwiftPackageReference "SnapKit" */;
			productName = SnapKit;
		};
		A8C824622A4B79CB00235A13 /* SDWebImage */ = {
			isa = XCSwiftPackageProductDependency;
			package = A8C824452A4AFA0F00235A13 /* XCRemoteSwiftPackageReference "SDWebImage" */;
			productName = SDWebImage;
		};
/* End XCSwiftPackageProductDependency section */
	};
	rootObject = A8F95B232A479D81000A8417 /* Project object */;
}
